lockfileVersion: '9.0'

settings:
  autoInstallPeers: true
  excludeLinksFromLockfile: false

importers:

  .: {}

  packages/app:
    dependencies:
      '@helios/data':
        specifier: workspace:*
        version: link:../data
      '@helios/engine':
        specifier: workspace:*
        version: link:../engine
      '@helios/renderer':
        specifier: workspace:*
        version: link:../renderer
      '@helios/schemas':
        specifier: workspace:*
        version: link:../schemas
      three:
        specifier: ^0.168.0
        version: 0.168.0
    devDependencies:
      '@types/three':
        specifier: ^0.168.0
        version: 0.168.0
      playwright:
        specifier: ^1.63.0
        version: 1.63.0
      typescript:
        specifier: ^5.5.0
        version: 5.9.3
      vite:
        specifier: ^5.4.0
        version: 5.4.21(@types/node@26.5.0)

  packages/data:
    dependencies:
      '@helios/schemas':
        specifier: workspace:*
        version: link:../schemas
    devDependencies:
      '@types/node':
        specifier: ^26.5.0
        version: 26.5.0
      typescript:
        specifier: ^5.5.0
        version: 5.9.3

  packages/engine:
    dependencies:
      '@helios/data':
        specifier: workspace:*
        version: link:../data
      '@helios/schemas':
        specifier: workspace:*
        version: link:../schemas
    devDependencies:
      typescript:
        specifier: ^5.5.0
        version: 5.9.3

  packages/renderer:
    dependencies:
      '@helios/data':
        specifier: workspace:*
        version: link:../data
      '@helios/engine':
        specifier: workspace:*
        version: link:../engine
      '@helios/schemas':
        specifier: workspace:*
        version: link:../schemas
      three:
        specifier: ^0.168.0
        version: 0.168.0
    devDependencies:
      '@types/three':
        specifier: ^0.168.0
        version: 0.168.0
      typescript:
        specifier: ^5.5.0
        version: 5.9.3

  packages/schemas:
    dependencies:
      zod:
        specifier: ^3.23.0
        version: 3.25.76
    devDependencies:
      typescript:
        specifier: ^5.5.0
        version: 5.9.3

  tools/cli:
    dependencies:
      '@helios/data':
        specifier: workspace:*
        version: link:../../packages/data
      '@helios/schemas':
        specifier: workspace:*
        version: link:../../packages/schemas
    devDependencies:
      '@types/node':
        specifier: ^26.5.0
        version: 26.5.0
      typescript:
        specifier: ^5.5.0
        version: 5.9.3

packages:

  '@esbuild/aix-ppc64@0.21.5':
    resolution: {integrity: sha512-1SDgH6ZSPTlggy1yI6+Dbkiz8xzpHJEVAlF/AM1tHPLsf5STom9rwtjE4hKAF20FfXXNTFqEYXyJNWh1GiZedQ==}
    engines: {node: '>=12'}
    cpu: [ppc64]
    os: [aix]

  '@esbuild/android-arm64@0.21.5':
    resolution: {integrity: sha512-c0uX9VAUBQ7dTDCjq+wdyGLowMdtR/GoC2U5IYk/7D1H1JYC0qseD7+11iMP2mRLN9RcCMRcjC4YMclCzGwS/A==}
    engines: {node: '>=12'}
    cpu: [arm64]
    os: [android]

  '@esbuild/android-arm@0.21.5':
    resolution: {integrity: sha512-vCPvzSjpPHEi1siZdlvAlsPxXl7WbOVUBBAowWug4rJHb68Ox8KualB+1ocNvT5fjv6wpkX6o/iEpbDrf68zcg==}
    engines: {node: '>=12'}
    cpu: [arm]
    os: [android]

  '@esbuild/android-x64@0.21.5':
    resolution: {integrity: sha512-D7aPRUUNHRBwHxzxRvp856rjUHRFW1SdQATKXH2hqA0kAZb1hKmi02OpYRacl0TxIGz/ZmXWlbZgjwWYaCakTA==}
    engines: {node: '>=12'}
    cpu: [x64]
    os: [android]

  '@esbuild/darwin-arm64@0.21.5':
    resolution: {integrity: sha512-DwqXqZyuk5AiWWf3UfLiRDJ5EDd49zg6O9wclZ7kUMv2WRFr4HKjXp/5t8JZ11QbQfUS6/cRCKGwYhtNAY88kQ==}
    engines: {node: '>=12'}
    cpu: [arm64]
    os: [darwin]

  '@esbuild/darwin-x64@0.21.5':
    resolution: {integrity: sha512-se/JjF8NlmKVG4kNIuyWMV/22ZaerB+qaSi5MdrXtd6R08kvs2qCN4C09miupktDitvh8jRFflwGFBQcxZRjbw==}
    engines: {node: '>=12'}
    cpu: [x64]
    os: [darwin]

  '@esbuild/freebsd-arm64@0.21.5':
    resolution: {integrity: sha512-5JcRxxRDUJLX8JXp/wcBCy3pENnCgBR9bN6JsY4OmhfUtIHe3ZW0mawA7+RDAcMLrMIZaf03NlQiX9DGyB8h4g==}
    engines: {node: '>=12'}
    cpu: [arm64]
    os: [freebsd]

  '@esbuild/freebsd-x64@0.21.5':
    resolution: {integrity: sha512-J95kNBj1zkbMXtHVH29bBriQygMXqoVQOQYA+ISs0/2l3T9/kj42ow2mpqerRBxDJnmkUDCaQT/dfNXWX/ZZCQ==}
    engines: {node: '>=12'}
    cpu: [x64]
    os: [freebsd]

  '@esbuild/linux-arm64@0.21.5':
    resolution: {integrity: sha512-ibKvmyYzKsBeX8d8I7MH/TMfWDXBF3db4qM6sy+7re0YXya+K1cem3on9XgdT2EQGMu4hQyZhan7TeQ8XkGp4Q==}
    engines: {node: '>=12'}
    cpu: [arm64]
    os: [linux]

  '@esbuild/linux-arm@0.21.5':
    resolution: {integrity: sha512-bPb5AHZtbeNGjCKVZ9UGqGwo8EUu4cLq68E95A53KlxAPRmUyYv2D6F0uUI65XisGOL1hBP5mTronbgo+0bFcA==}
    engines: {node: '>=12'}
    cpu: [arm]
    os: [linux]

  '@esbuild/linux-ia32@0.21.5':
    resolution: {integrity: sha512-YvjXDqLRqPDl2dvRODYmmhz4rPeVKYvppfGYKSNGdyZkA01046pLWyRKKI3ax8fbJoK5QbxblURkwK/MWY18Tg==}
    engines: {node: '>=12'}
    cpu: [ia32]
    os: [linux]

  '@esbuild/linux-loong64@0.21.5':
    resolution: {integrity: sha512-uHf1BmMG8qEvzdrzAqg2SIG/02+4/DHB6a9Kbya0XDvwDEKCoC8ZRWI5JJvNdUjtciBGFQ5PuBlpEOXQj+JQSg==}
    engines: {node: '>=12'}
    cpu: [loong64]
    os: [linux]

  '@esbuild/linux-mips64el@0.21.5':
    resolution: {integrity: sha512-IajOmO+KJK23bj52dFSNCMsz1QP1DqM6cwLUv3W1QwyxkyIWecfafnI555fvSGqEKwjMXVLokcV5ygHW5b3Jbg==}
    engines: {node: '>=12'}
    cpu: [mips64el]
    os: [linux]

  '@esbuild/linux-ppc64@0.21.5':
    resolution: {integrity: sha512-1hHV/Z4OEfMwpLO8rp7CvlhBDnjsC3CttJXIhBi+5Aj5r+MBvy4egg7wCbe//hSsT+RvDAG7s81tAvpL2XAE4w==}
    engines: {node: '>=12'}
    cpu: [ppc64]
    os: [linux]

  '@esbuild/linux-riscv64@0.21.5':
    resolution: {integrity: sha512-2HdXDMd9GMgTGrPWnJzP2ALSokE/0O5HhTUvWIbD3YdjME8JwvSCnNGBnTThKGEB91OZhzrJ4qIIxk/SBmyDDA==}
    engines: {node: '>=12'}
    cpu: [riscv64]
    os: [linux]

  '@esbuild/linux-s390x@0.21.5':
    resolution: {integrity: sha512-zus5sxzqBJD3eXxwvjN1yQkRepANgxE9lgOW2qLnmr8ikMTphkjgXu1HR01K4FJg8h1kEEDAqDcZQtbrRnB41A==}
    engines: {node: '>=12'}
    cpu: [s390x]
    os: [linux]

  '@esbuild/linux-x64@0.21.5':
    resolution: {integrity: sha512-1rYdTpyv03iycF1+BhzrzQJCdOuAOtaqHTWJZCWvijKD2N5Xu0TtVC8/+1faWqcP9iBCWOmjmhoH94dH82BxPQ==}
    engines: {node: '>=12'}
    cpu: [x64]
    os: [linux]

  '@esbuild/netbsd-x64@0.21.5':
    resolution: {integrity: sha512-Woi2MXzXjMULccIwMnLciyZH4nCIMpWQAs049KEeMvOcNADVxo0UBIQPfSmxB3CWKedngg7sWZdLvLczpe0tLg==}
    engines: {node: '>=12'}
    cpu: [x64]
    os: [netbsd]

  '@esbuild/openbsd-x64@0.21.5':
    resolution: {integrity: sha512-HLNNw99xsvx12lFBUwoT8EVCsSvRNDVxNpjZ7bPn947b8gJPzeHWyNVhFsaerc0n3TsbOINvRP2byTZ5LKezow==}
    engines: {node: '>=12'}
    cpu: [x64]
    os: [openbsd]

  '@esbuild/sunos-x64@0.21.5':
    resolution: {integrity: sha512-6+gjmFpfy0BHU5Tpptkuh8+uw3mnrvgs+dSPQXQOv3ekbordwnzTVEb4qnIvQcYXq6gzkyTnoZ9dZG+D4garKg==}
    engines: {node: '>=12'}
    cpu: [x64]
    os: [sunos]

  '@esbuild/win32-arm64@0.21.5':
    resolution: {integrity: sha512-Z0gOTd75VvXqyq7nsl93zwahcTROgqvuAcYDUr+vOv8uHhNSKROyU961kgtCD1e95IqPKSQKH7tBTslnS3tA8A==}
    engines: {node: '>=12'}
    cpu: [arm64]
    os: [win32]

  '@esbuild/win32-ia32@0.21.5':
    resolution: {integrity: sha512-SWXFF1CL2RVNMaVs+BBClwtfZSvDgtL//G/smwAc5oVK/UPu2Gu9tIaRgFmYFFKrmg3SyAjSrElf0TiJ1v8fYA==}
    engines: {node: '>=12'}
    cpu: [ia32]
    os: [win32]

  '@esbuild/win32-x64@0.21.5':
    resolution: {integrity: sha512-tQd/1efJuzPC6rCFwEvLtci/xNFcTZknmXs98FYDfGE4wP9ClFV98nyKrzJKVPMhdDnjzLhdUyMX4PsQAPjwIw==}
    engines: {node: '>=12'}
    cpu: [x64]
    os: [win32]

  '@napi-rs/lzma-linux-x64-gnu@1.5.1':
    resolution: {integrity: sha512-oTXEIha4SsuXdTA4Iyskj0kpdx2yVXdhd75c2v3xGrHFfVMsbhTPZU/nMPL4sWKo4pBHm3aucLaqGlF696dTyQ==}
    engines: {node: ^22.20 || ^24.12 || >=25}
    cpu: [x64]
    os: [linux]
    libc: [glibc]

  '@rollup/rollup-android-arm-eabi@4.63.1':
    resolution: {integrity: sha512-UZ8sUxPTiHWYX9QNdJedb1kDZSpS1t/VPWBWGSgqHNi9w3Cu6IXvu2mzbhiTiPvtrqgTQJ+zqiAq2iPIPilpaQ==}
    cpu: [arm]
    os: [android]

  '@rollup/rollup-android-arm64@4.63.1':
    resolution: {integrity: sha512-cQ4nFQABN5cDvDpbvJ7bMStCpnaVxynZrRMfUJYgxcIk9Sh54FIO1vtfkg0B69REjER77ioZ/ov+eAApx/KmLQ==}
    cpu: [arm64]
    os: [android]

  '@rollup/rollup-darwin-arm64@4.63.1':
    resolution: {integrity: sha512-FQNqd1lRy/0QhDk3xeRIkSBiCpXCiDnZO3YLVdcDKN1UBiKToNftCzcXYNLshmPDUMlu2TdeS8tGcsU6f3YF1Q==}
    cpu: [arm64]
    os: [darwin]

  '@rollup/rollup-darwin-x64@4.63.1':
    resolution: {integrity: sha512-pvD16V939D3CloK0+qikpGaxiPrDUXTe7Y5cWOMkMSy7m1cawa8EGy/kXYi/G/cKAC4HDAbSnzCIk1WmsoOKXg==}
    cpu: [x64]
    os: [darwin]

  '@rollup/rollup-freebsd-arm64@4.63.1':
    resolution: {integrity: sha512-pcFGeL2345VwdTnJhA6zLbew+YgWB0qBG2+dMtXjCicf6+rm6kO6cOoh5VnTe0ZMrMRgRyuHmCJxZWrIdzYuOw==}
    cpu: [arm64]
    os: [freebsd]

  '@rollup/rollup-freebsd-x64@4.63.1':
    resolution: {integrity: sha512-mRJlqSRulVzcKq/LKA6ICSIc3K/l4fzlVn/gePn2nXIHy8seRi5z/eeRE0d/XMBxcMldiXtQTSpRj0tkkC3g8Q==}
    cpu: [x64]
    os: [freebsd]

  '@rollup/rollup-linux-arm-gnueabihf@4.63.1':
    resolution: {integrity: sha512-YDUNvVM85TI3g/1OpnqKP1h4NeW/j64DfWMf+G3M809xNk1bJSnpFp4sh83NpmVE5DXnkh8ULor4LTVZKoYLHw==}
    cpu: [arm]
    os: [linux]
    libc: [glibc]

  '@rollup/rollup-linux-arm-musleabihf@4.63.1':
    resolution: {integrity: sha512-7Mcn71p9ZuQFAj+h+dhQXy/yeLePRS2yKRnmW1DijA9thKO5qap0GNOIQK4yQ6iP3SU0Mrb/yWo8h8vgRba8lw==}
    cpu: [arm]
    os: [linux]
    libc: [musl]

  '@rollup/rollup-linux-arm64-gnu@4.63.1':
    resolution: {integrity: sha512-4YiLQTX6U4CSl0L9cluep9A9W6UmTfqBDc2/CH6wlu54pl4E7Jn3cOD8oxzvBDEGk/JMKgJ47C8g+radF7mwvg==}
    cpu: [arm64]
    os: [linux]
    libc: [glibc]

  '@rollup/rollup-linux-arm64-musl@4.63.1':
    resolution: {integrity: sha512-2ra8F7w8OquwZN9z2/fKFnli69wa8PLwaVzRMIPGb13ByMJwC28Fbp8YcVGoUhlYMTt7j5j9bNgpysrN2UM+vw==}
    cpu: [arm64]
    os: [linux]
    libc: [musl]

  '@rollup/rollup-linux-loong64-gnu@4.63.1':
    resolution: {integrity: sha512-Sy20ncyhjmBP0Ml+UvQbimjlk6VFgjW5uNP+qqwHB00mTE8Bl2C1TuHTlRwK2YoXeZbee5lP2XevBWVkAQAtSQ==}
    cpu: [loong64]
    os: [linux]
    libc: [glibc]

  '@rollup/rollup-linux-loong64-musl@4.63.1':
    resolution: {integrity: sha512-noITLp8oNjYliPnGWmLyelIHwULGqbHloQHGw1rtxbWhTuWooRpnZarZQJ1y9EUC4szuCusCc+HEpUtxpIwYvA==}
    cpu: [loong64]
    os: [linux]
    libc: [musl]

  '@rollup/rollup-linux-ppc64-gnu@4.63.1':
    resolution: {integrity: sha512-hlxxXd+F1mWiAcaFR7Sv9ZQT6m6UfI8+Vy/kFJzztq2pDMU/0wZ9sish0iszNZvsQDo8Gc0i5yuFEOz5dDf6fA==}
    cpu: [ppc64]
    os: [linux]
    libc: [glibc]

  '@rollup/rollup-linux-ppc64-musl@4.63.1':
    resolution: {integrity: sha512-EF7OpqQTQ/BvGqLzUi4rEHuagCV9MugAUXSHemwPW5vxZ75RR+jxO/2j95Ph2dalMpFHSVECjRoioHZgA9zOYA==}
    cpu: [ppc64]
    os: [linux]
    libc: [musl]

  '@rollup/rollup-linux-riscv64-gnu@4.63.1':
    resolution: {integrity: sha512-wQO3JesW9PRkwlabQ27y7sPfVOOTLRG73I4F2UYHG5PXun3J9U3y+b7ezVKSYbsvSKGQ1k1cq8Qlun4C9kLt3w==}
    cpu: [riscv64]
    os: [linux]
    libc: [glibc]

  '@rollup/rollup-linux-riscv64-musl@4.63.1':
    resolution: {integrity: sha512-ouAGwhO6wHRXdnOVCOsB0tRFkA7nhNB2Nwax6oECXN0YiN8EYUTBAOudADOB1PI+yDL61TeNx/u7MVCzksNbkQ==}
    cpu: [riscv64]
    os: [linux]
    libc: [musl]

  '@rollup/rollup-linux-s390x-gnu@4.63.1':
    resolution: {integrity: sha512-q2R38Sn+1J8RxhfJ+T54wSWmyKXWec+9jgDfqO2AtArEqHO5R2aeayp5H5OYLr5UYDVGsVaZPEFUooMhYCdz5A==}
    cpu: [s390x]
    os: [linux]
    libc: [glibc]

  '@rollup/rollup-linux-x64-gnu@4.63.1':
    resolution: {integrity: sha512-gfI5T24WLLuFfSKw7Go/zDXjAAV0fny0swTaDv+WjK7vqcw4cRhFfdsyKL1n+ukI+ooBxn3bVQnyrn06WpI50w==}
    cpu: [x64]
    os: [linux]
    libc: [glibc]

  '@rollup/rollup-linux-x64-musl@4.63.1':
    resolution: {integrity: sha512-4h6XqthmB4Hspji84wvgk+ElodTsGj+dbZqHJHHtKxj4mYq0ANSEEPX9ys3moJueqsRjwpaJYH7874Itwnj2ow==}
    cpu: [x64]
    os: [linux]
    libc: [musl]

  '@rollup/rollup-openbsd-x64@4.63.1':
    resolution: {integrity: sha512-dlfCOa87o1VAYegLQ9EKilx2JCeRofiyPGhTCmqnuXZ6bMPiycO1rq1+sKoulAp7pGLIsTIw+1x5R+zgh5LhhA==}
    cpu: [x64]
    os: [openbsd]

  '@rollup/rollup-openharmony-arm64@4.63.1':
    resolution: {integrity: sha512-cjkLbOlfcm3QGhMM1J5zaZjsw1GggbN6rw9UTSSRrPrR1KkcXnN7Uq9rPw34xImQ9VOY9GN+6u2Zj80B9ptkcw==}
    cpu: [arm64]
    os: [openharmony]

  '@rollup/rollup-win32-arm64-msvc@4.63.1':
    resolution: {integrity: sha512-Li1KdUnWGE4N3e1F/B4RTB1ms+nG4WBgjByO46pkeBVX/2UBsY53xf5vK9WygVmnH3RwncIST7lkSdLSY6P9lg==}
    cpu: [arm64]
    os: [win32]

  '@rollup/rollup-win32-ia32-msvc@4.63.1':
    resolution: {integrity: sha512-t4ZYOSoLTgwhuFMrmTMLx/+i1DQVK7HYqMc6kY46EApwi8X0nIVphzdNoThU3xt6n+N5urG1/gxBdCaKDLavfg==}
    cpu: [ia32]
    os: [win32]

  '@rollup/rollup-win32-x64-gnu@4.63.1':
    resolution: {integrity: sha512-RgroPfMmKlD1RzSDxvwgcPiy2HNQKoYV7OmwIXDsk73uKW5t6B/V8KIy27SMv/FNXFo/oSBtWc9J0X7t91ezZg==}
    cpu: [x64]
    os: [win32]

  '@rollup/rollup-win32-x64-msvc@4.63.1':
    resolution: {integrity: sha512-at8QVep6S3h5Y6gSbdGU06bRY5WJkf6WUduM9YtvYMbYhB1MOFfUgc6kehitQXzOtMSaT70q7f9ydPhpqu821w==}
    cpu: [x64]
    os: [win32]

  '@tweenjs/tween.js@23.1.3':
    resolution: {integrity: sha512-vJmvvwFxYuGnF2axRtPYocag6Clbb5YS7kLL+SO/TeVFzHqDIWrNKYtcsPMibjDx9O+bu+psAy9NKfWklassUA==}

  '@types/estree@1.0.9':
    resolution: {integrity: sha512-GhdPgy1el4/ImP05X05Uw4cw2/M93BCUmnEvWZNStlCzEKME4Fkk+YpoA5OiHNQmoS7Cafb8Xa3Pya8m1Qrzeg==}

  '@types/node@26.5.0':
    resolution: {integrity: sha512-dVSGpriSoCgz8WnDNTuSSuSv1PC/ALXihO4ulRZt7Md8k9mlbdin3lGOcDE8SnWOgf513ByWlXd7BK4azmyg/A==}

  '@types/stats.js@0.17.4':
    resolution: {integrity: sha512-jIBvWWShCvlBqBNIZt0KAshWpvSjhkwkEu4ZUcASoAvhmrgAUI2t1dXrjSL4xXVLB4FznPrIsX3nKXFl/Dt4vA==}

  '@types/three@0.168.0':
    resolution: {integrity: sha512-qAGLGzbaYgkkonOBfwOr+TZpOskPfFjrDAj801WQSVkUz0/D9zwir4vhruJ/CC/GteywzR9pqeVVfs5th/2oKw==}

  '@types/webxr@0.5.24':
    resolution: {integrity: sha512-h8fgEd/DpoS9CBrjEQXR+dIDraopAEfu4wYVNY2tEPwk60stPWhvZMf4Foo5FakuQ7HFZoa8WceaWFervK2Ovg==}

  '@webgpu/types@0.1.72':
    resolution: {integrity: sha512-0cF7RFM2edNoiIS1ODJp0/Gzv4/xSXhwoR0YCza+OWpJWtn4wmo9DvK91aLlH9+uUnwIriP7ZiC3WitmyhuzBw==}

  esbuild@0.21.5:
    resolution: {integrity: sha512-mg3OPMV4hXywwpoDxu3Qda5xCKQi+vCTZq8S9J/EpkhB2HzKXq4SNFZE3+NK93JYxc8VMSep+lOUSC/RVKaBqw==}
    engines: {node: '>=12'}
    hasBin: true

  fflate@0.8.3:
    resolution: {integrity: sha512-tbZNuJrLwGUp3zshBtdy4W+ORxZuIh8a5ilyIEQDC5rY1f3U20JMry0Ll3WBzU58EZKsEuJFXhb5gwv8CsPvgA==}

  fsevents@2.3.3:
    resolution: {integrity: sha512-5xoDfX+fL7faATnagmWPpbFtwh/R77WmMMqqHGS65C3vvB0YHrgF+B1YmZ3441tMj5n63k0212XNoJwzlhffQw==}
    engines: {node: ^8.16.0 || ^10.6.0 || >=11.0.0}
    os: [darwin]

  meshoptimizer@0.18.1:
    resolution: {integrity: sha512-ZhoIoL7TNV4s5B6+rx5mC//fw8/POGyNxS/DZyCJeiZ12ScLfVwRE/GfsxwiTkMYYD5DmK2/JXnEVXqL4rF+Sw==}

  nanoid@3.3.18:
    resolution: {integrity: sha512-DTg4MJbGMWkfi6VZFdNt2/caMbQy4Ou+Op/hJQvGEWcnVfoA1QA+xzRKAzw9jD6+GVOOeYr/mIcuDSdug6F6+w==}
    engines: {node: ^10 || ^12 || ^13.7 || ^14 || >=15.0.1}
    hasBin: true

  picocolors@1.1.1:
    resolution: {integrity: sha512-xceH2snhtb5M9liqDsmEw56le376mTZkEX/jEb/RxNFyegNul7eNslCXP9FDj/Lcu0X8KEyMceP2ntpaHrDEVA==}

  playwright-core@1.63.0:
    resolution: {integrity: sha512-rYCsBF/M5HjUch52bbtVONEFjv6Xu8sm8h72dNlR5bzIE1fvC/bxgspzkjSfU+MweEMmPM8KJebG6nnyxo5mCg==}
    engines: {node: '>=20'}
    hasBin: true

  playwright@1.63.0:
    resolution: {integrity: sha512-+7ziBLidS4NaNCdt57SUDT+wYmmd5fmiQejUic/kb+YsYSCPyOOE9sebzMjNmQrsnNpDJqd4WHvV/8lfKfUDUg==}
    engines: {node: '>=20'}
    hasBin: true

  postcss@8.5.28:
    resolution: {integrity: sha512-RRuzqDtt5Y9h3quz5hWhK+TPnsmVs6WwSU6LkJMeY4HstUEDuYTG8UJSdawMRzmzAtV+KEoG8N3Qg2qLy5vM/A==}
    engines: {node: ^10 || ^12 || >=14}

  rollup@4.63.1:
    resolution: {integrity: sha512-3Df9jsstwhccuEfmAMi9l8XUh/GOkVObmFTU7CCVBysEbcOZLl84jCtaAZMcPiMz2EGKsATzQcU+Xr3n/wU6cg==}
    engines: {node: '>=18.0.0', npm: '>=8.0.0'}
    hasBin: true

  source-map-js@1.2.1:
    resolution: {integrity: sha512-UXWMKhLOwVKb728IUtQPXxfYU+usdybtUrK/8uGE8CQMvrhOpwvzDBwj0QhSL7MQc7vIsISBG8VQ8+IDQxpfQA==}
    engines: {node: '>=0.10.0'}

  three@0.168.0:
    resolution: {integrity: sha512-6m6jXtDwMJEK/GGMbAOTSAmxNdzKvvBzgd7q8bE/7Tr6m7PaBh5kKLrN7faWtlglXbzj7sVba48Idwx+NRsZXw==}

  typescript@5.9.3:
    resolution: {integrity: sha512-jl1vZzPDinLr9eUt3J/t7V6FgNEw9QjvBPdysz9KfQDD41fQrC2Y4vKQdiaUpFT4bXlb1RHhLpp8wtm6M5TgSw==}
    engines: {node: '>=14.17'}
    hasBin: true

  undici-types@8.9.0:
    resolution: {integrity: sha512-KTDyRTYX8sWmKXAikPHHSyc63CRPETMctyjKFupcC6OBLXT3xsN0e9aF7m+mIXutFWpUXuedtowG7iLOzp0kQg==}

  vite@5.4.21:
    resolution: {integrity: sha512-o5a9xKjbtuhY6Bi5S3+HvbRERmouabWbyUcpXXUA1u+GNUKoROi9byOJ8M0nHbHYHkYICiMlqxkg1KkYmm25Sw==}
    engines: {node: ^18.0.0 || >=20.0.0}
    hasBin: true
    peerDependencies:
      '@types/node': ^18.0.0 || >=20.0.0
      less: '*'
      lightningcss: ^1.21.0
      sass: '*'
      sass-embedded: '*'
      stylus: '*'
      sugarss: '*'
      terser: ^5.4.0
    peerDependenciesMeta:
      '@types/node':
        optional: true
      less:
        optional: true
      lightningcss:
        optional: true
      sass:
        optional: true
      sass-embedded:
        optional: true
      stylus:
        optional: true
      sugarss:
        optional: true
      terser:
        optional: true

  zod@3.25.76:
    resolution: {integrity: sha512-gzUt/qt81nXsFGKIFcC3YnfEAx5NkunCfnDlvuBSSFS02bcXu4Lmea0AFIUwbLWxWPx3d9p8S5QoaujKcNQxcQ==}

snapshots:

  '@esbuild/aix-ppc64@0.21.5':
    optional: true

  '@esbuild/android-arm64@0.21.5':
    optional: true

  '@esbuild/android-arm@0.21.5':
    optional: true

  '@esbuild/android-x64@0.21.5':
    optional: true

  '@esbuild/darwin-arm64@0.21.5':
    optional: true

  '@esbuild/darwin-x64@0.21.5':
    optional: true

  '@esbuild/freebsd-arm64@0.21.5':
    optional: true

  '@esbuild/freebsd-x64@0.21.5':
    optional: true

  '@esbuild/linux-arm64@0.21.5':
    optional: true

  '@esbuild/linux-arm@0.21.5':
    optional: true

  '@esbuild/linux-ia32@0.21.5':
    optional: true

  '@esbuild/linux-loong64@0.21.5':
    optional: true

  '@esbuild/linux-mips64el@0.21.5':
    optional: true

  '@esbuild/linux-ppc64@0.21.5':
    optional: true

  '@esbuild/linux-riscv64@0.21.5':
    optional: true

  '@esbuild/linux-s390x@0.21.5':
    optional: true

  '@esbuild/linux-x64@0.21.5':
    optional: true

  '@esbuild/netbsd-x64@0.21.5':
    optional: true

  '@esbuild/openbsd-x64@0.21.5':
    optional: true

  '@esbuild/sunos-x64@0.21.5':
    optional: true

  '@esbuild/win32-arm64@0.21.5':
    optional: true

  '@esbuild/win32-ia32@0.21.5':
    optional: true

  '@esbuild/win32-x64@0.21.5':
    optional: true

  '@napi-rs/lzma-linux-x64-gnu@1.5.1':
    optional: true

  '@rollup/rollup-android-arm-eabi@4.63.1':
    optional: true

  '@rollup/rollup-android-arm64@4.63.1':
    optional: true

  '@rollup/rollup-darwin-arm64@4.63.1':
    optional: true

  '@rollup/rollup-darwin-x64@4.63.1':
    optional: true

  '@rollup/rollup-freebsd-arm64@4.63.1':
    optional: true

  '@rollup/rollup-freebsd-x64@4.63.1':
    optional: true

  '@rollup/rollup-linux-arm-gnueabihf@4.63.1':
    optional: true

  '@rollup/rollup-linux-arm-musleabihf@4.63.1':
    optional: true

  '@rollup/rollup-linux-arm64-gnu@4.63.1':
    optional: true

  '@rollup/rollup-linux-arm64-musl@4.63.1':
    optional: true

  '@rollup/rollup-linux-loong64-gnu@4.63.1':
    optional: true

  '@rollup/rollup-linux-loong64-musl@4.63.1':
    optional: true

  '@rollup/rollup-linux-ppc64-gnu@4.63.1':
    optional: true

  '@rollup/rollup-linux-ppc64-musl@4.63.1':
    optional: true

  '@rollup/rollup-linux-riscv64-gnu@4.63.1':
    optional: true

  '@rollup/rollup-linux-riscv64-musl@4.63.1':
    optional: true

  '@rollup/rollup-linux-s390x-gnu@4.63.1':
    optional: true

  '@rollup/rollup-linux-x64-gnu@4.63.1':
    optional: true

  '@rollup/rollup-linux-x64-musl@4.63.1':
    optional: true

  '@rollup/rollup-openbsd-x64@4.63.1':
    optional: true

  '@rollup/rollup-openharmony-arm64@4.63.1':
    optional: true

  '@rollup/rollup-win32-arm64-msvc@4.63.1':
    optional: true

  '@rollup/rollup-win32-ia32-msvc@4.63.1':
    optional: true

  '@rollup/rollup-win32-x64-gnu@4.63.1':
    optional: true

  '@rollup/rollup-win32-x64-msvc@4.63.1':
    optional: true

  '@tweenjs/tween.js@23.1.3': {}

  '@types/estree@1.0.9': {}

  '@types/node@26.5.0':
    dependencies:
      undici-types: 8.9.0

  '@types/stats.js@0.17.4': {}

  '@types/three@0.168.0':
    dependencies:
      '@tweenjs/tween.js': 23.1.3
      '@types/stats.js': 0.17.4
      '@types/webxr': 0.5.24
      '@webgpu/types': 0.1.72
      fflate: 0.8.3
      meshoptimizer: 0.18.1

  '@types/webxr@0.5.24': {}

  '@webgpu/types@0.1.72': {}

  esbuild@0.21.5:
    optionalDependencies:
      '@esbuild/aix-ppc64': 0.21.5
      '@esbuild/android-arm': 0.21.5
      '@esbuild/android-arm64': 0.21.5
      '@esbuild/android-x64': 0.21.5
      '@esbuild/darwin-arm64': 0.21.5
      '@esbuild/darwin-x64': 0.21.5
      '@esbuild/freebsd-arm64': 0.21.5
      '@esbuild/freebsd-x64': 0.21.5
      '@esbuild/linux-arm': 0.21.5
      '@esbuild/linux-arm64': 0.21.5
      '@esbuild/linux-ia32': 0.21.5
      '@esbuild/linux-loong64': 0.21.5
      '@esbuild/linux-mips64el': 0.21.5
      '@esbuild/linux-ppc64': 0.21.5
      '@esbuild/linux-riscv64': 0.21.5
      '@esbuild/linux-s390x': 0.21.5
      '@esbuild/linux-x64': 0.21.5
      '@esbuild/netbsd-x64': 0.21.5
      '@esbuild/openbsd-x64': 0.21.5
      '@esbuild/sunos-x64': 0.21.5
      '@esbuild/win32-arm64': 0.21.5
      '@esbuild/win32-ia32': 0.21.5
      '@esbuild/win32-x64': 0.21.5

  fflate@0.8.3: {}

  fsevents@2.3.3:
    optional: true

  meshoptimizer@0.18.1: {}

  nanoid@3.3.18: {}

  picocolors@1.1.1: {}

  playwright-core@1.63.0: {}

  playwright@1.63.0:
    dependencies:
      playwright-core: 1.63.0

  postcss@8.5.28:
    dependencies:
      nanoid: 3.3.18
      picocolors: 1.1.1
      source-map-js: 1.2.1

  rollup@4.63.1:
    dependencies:
      '@types/estree': 1.0.9
    optionalDependencies:
      '@napi-rs/lzma-linux-x64-gnu': 1.5.1
      '@rollup/rollup-android-arm-eabi': 4.63.1
      '@rollup/rollup-android-arm64': 4.63.1
      '@rollup/rollup-darwin-arm64': 4.63.1
      '@rollup/rollup-darwin-x64': 4.63.1
      '@rollup/rollup-freebsd-arm64': 4.63.1
      '@rollup/rollup-freebsd-x64': 4.63.1
      '@rollup/rollup-linux-arm-gnueabihf': 4.63.1
      '@rollup/rollup-linux-arm-musleabihf': 4.63.1
      '@rollup/rollup-linux-arm64-gnu': 4.63.1
      '@rollup/rollup-linux-arm64-musl': 4.63.1
      '@rollup/rollup-linux-loong64-gnu': 4.63.1
      '@rollup/rollup-linux-loong64-musl': 4.63.1
      '@rollup/rollup-linux-ppc64-gnu': 4.63.1
      '@rollup/rollup-linux-ppc64-musl': 4.63.1
      '@rollup/rollup-linux-riscv64-gnu': 4.63.1
      '@rollup/rollup-linux-riscv64-musl': 4.63.1
      '@rollup/rollup-linux-s390x-gnu': 4.63.1
      '@rollup/rollup-linux-x64-gnu': 4.63.1
      '@rollup/rollup-linux-x64-musl': 4.63.1
      '@rollup/rollup-openbsd-x64': 4.63.1
      '@rollup/rollup-openharmony-arm64': 4.63.1
      '@rollup/rollup-win32-arm64-msvc': 4.63.1
      '@rollup/rollup-win32-ia32-msvc': 4.63.1
      '@rollup/rollup-win32-x64-gnu': 4.63.1
      '@rollup/rollup-win32-x64-msvc': 4.63.1
      fsevents: 2.3.3

  source-map-js@1.2.1: {}

  three@0.168.0: {}

  typescript@5.9.3: {}

  undici-types@8.9.0: {}

  vite@5.4.21(@types/node@26.5.0):
    dependencies:
      esbuild: 0.21.5
      postcss: 8.5.28
      rollup: 4.63.1
    optionalDependencies:
      '@types/node': 26.5.0
      fsevents: 2.3.3

  zod@3.25.76: {}
